// !$*UTF8*$!
{
	archiveVersion = 1;
	classes = {
	};
	objectVersion = 56;
	objects = {

/* Begin PBXBuildFile section */
		9027266E297EF063006ACCF0 /* capture_mvpApp.swift in Sources */ = {isa = PBXBuildFile; fileRef = 9027266D297EF063006ACCF0 /* capture_mvpApp.swift */; };
		90272672297EF065006ACCF0 /* Assets.xcassets in Resources */ = {isa = PBXBuildFile; fileRef = 90272671297EF065006ACCF0 /* Assets.xcassets */; };
		90272675297EF065006ACCF0 /* Preview Assets.xcassets in Resources */ = {isa = PBXBuildFile; fileRef = 90272674297EF065006ACCF0 /* Preview Assets.xcassets */; };
		90272680297F2F27006ACCF0 /* ProfileView.swift in Sources */ = {isa = PBXBuildFile; fileRef = 9027267F297F2F27006ACCF0 /* ProfileView.swift */; };
		90272682297F2F52006ACCF0 /* CameraView.swift in Sources */ = {isa = PBXBuildFile; fileRef = 90272681297F2F52006ACCF0 /* CameraView.swift */; };
		90272686297F415B006ACCF0 /* TabBar.swift in Sources */ = {isa = PBXBuildFile; fileRef = 90272685297F415B006ACCF0 /* TabBar.swift */; };
		90272688297F416F006ACCF0 /* FeedPost.swift in Sources */ = {isa = PBXBuildFile; fileRef = 90272687297F416F006ACCF0 /* FeedPost.swift */; };
		9027268A297F4430006ACCF0 /* FeedView.swift in Sources */ = {isa = PBXBuildFile; fileRef = 90272689297F4430006ACCF0 /* FeedView.swift */; };
		9027268C297F4CB8006ACCF0 /* LandingView.swift in Sources */ = {isa = PBXBuildFile; fileRef = 9027268B297F4CB8006ACCF0 /* LandingView.swift */; };
		9027268E297F4E5F006ACCF0 /* LoginView.swift in Sources */ = {isa = PBXBuildFile; fileRef = 9027268D297F4E5F006ACCF0 /* LoginView.swift */; };
		90272690297F4E69006ACCF0 /* CreateView.swift in Sources */ = {isa = PBXBuildFile; fileRef = 9027268F297F4E69006ACCF0 /* CreateView.swift */; };
		902E8AE72989C7B40007240B /* RoundedShape.swift in Sources */ = {isa = PBXBuildFile; fileRef = 902E8AE62989C7B40007240B /* RoundedShape.swift */; };
		902E8AE92989D38A0007240B /* CustomInputField.swift in Sources */ = {isa = PBXBuildFile; fileRef = 902E8AE82989D38A0007240B /* CustomInputField.swift */; };
		902E8AEB298AB3370007240B /* GoogleService-Info.plist in Resources */ = {isa = PBXBuildFile; fileRef = 902E8AEA298AB3370007240B /* GoogleService-Info.plist */; };
		902E8AEE298AB4070007240B /* FirebaseAuth in Frameworks */ = {isa = PBXBuildFile; productRef = 902E8AED298AB4070007240B /* FirebaseAuth */; };
		902E8AF0298AB4070007240B /* FirebaseFirestore in Frameworks */ = {isa = PBXBuildFile; productRef = 902E8AEF298AB4070007240B /* FirebaseFirestore */; };
		902E8AF2298AB4070007240B /* FirebaseFirestoreSwift in Frameworks */ = {isa = PBXBuildFile; productRef = 902E8AF1298AB4070007240B /* FirebaseFirestoreSwift */; };
		902E8AF4298AB4070007240B /* FirebaseStorage in Frameworks */ = {isa = PBXBuildFile; productRef = 902E8AF3298AB4070007240B /* FirebaseStorage */; };
		902E8AF7298AB5A10007240B /* AuthViewModel.swift in Sources */ = {isa = PBXBuildFile; fileRef = 902E8AF6298AB5A10007240B /* AuthViewModel.swift */; };
		908DAE22298C35C300C624DB /* NewProfileView.swift in Sources */ = {isa = PBXBuildFile; fileRef = 908DAE21298C35C300C624DB /* NewProfileView.swift */; };
		90B9E61E298AF8E300742CA5 /* AuthHeaderView.swift in Sources */ = {isa = PBXBuildFile; fileRef = 90B9E61D298AF8E300742CA5 /* AuthHeaderView.swift */; };
		90B9E620298B1A9000742CA5 /* ContentView.swift in Sources */ = {isa = PBXBuildFile; fileRef = 90B9E61F298B1A9000742CA5 /* ContentView.swift */; };
		90B9E622298B2CDF00742CA5 /* SideMenuView.swift in Sources */ = {isa = PBXBuildFile; fileRef = 90B9E621298B2CDF00742CA5 /* SideMenuView.swift */; };
		90B9E624298B2CF100742CA5 /* SideMenuRowView.swift in Sources */ = {isa = PBXBuildFile; fileRef = 90B9E623298B2CF100742CA5 /* SideMenuRowView.swift */; };
		90B9E626298B2D0100742CA5 /* SideMenuViewModel.swift in Sources */ = {isa = PBXBuildFile; fileRef = 90B9E625298B2D0100742CA5 /* SideMenuViewModel.swift */; };
		90F62B8B2988331E009032A1 /* CameraService.swift in Sources */ = {isa = PBXBuildFile; fileRef = 90F62B8A2988331E009032A1 /* CameraService.swift */; };
		90F62B8D29883949009032A1 /* CamView.swift in Sources */ = {isa = PBXBuildFile; fileRef = 90F62B8C29883949009032A1 /* CamView.swift */; };
		90F62B91298846E8009032A1 /* CustomCamView.swift in Sources */ = {isa = PBXBuildFile; fileRef = 90F62B90298846E8009032A1 /* CustomCamView.swift */; };
		90F62B9329897992009032A1 /* CreatePostView.swift in Sources */ = {isa = PBXBuildFile; fileRef = 90F62B9229897992009032A1 /* CreatePostView.swift */; };
		90F62B95298997BA009032A1 /* ViewRequestView.swift in Sources */ = {isa = PBXBuildFile; fileRef = 90F62B94298997BA009032A1 /* ViewRequestView.swift */; };
		90F6E1AE298C46B3001D9B3E /* SettingsView.swift in Sources */ = {isa = PBXBuildFile; fileRef = 90F6E1AD298C46B3001D9B3E /* SettingsView.swift */; };
		90F6E1B0298C4E49001D9B3E /* ProfilePicView.swift in Sources */ = {isa = PBXBuildFile; fileRef = 90F6E1AF298C4E49001D9B3E /* ProfilePicView.swift */; };
		90F6E1B2298D8670001D9B3E /* UserService.swift in Sources */ = {isa = PBXBuildFile; fileRef = 90F6E1B1298D8670001D9B3E /* UserService.swift */; };
		90F6E1B5298D8A38001D9B3E /* User.swift in Sources */ = {isa = PBXBuildFile; fileRef = 90F6E1B4298D8A38001D9B3E /* User.swift */; };
		90F6E1B7298D97E7001D9B3E /* PostService.swift in Sources */ = {isa = PBXBuildFile; fileRef = 90F6E1B6298D97E7001D9B3E /* PostService.swift */; };
		90F6E1B9298D99E7001D9B3E /* UploadPostViewModel.swift in Sources */ = {isa = PBXBuildFile; fileRef = 90F6E1B8298D99E7001D9B3E /* UploadPostViewModel.swift */; };
		90F6E1BB298D9D46001D9B3E /* FeedViewModel.swift in Sources */ = {isa = PBXBuildFile; fileRef = 90F6E1BA298D9D46001D9B3E /* FeedViewModel.swift */; };
		90F6E1BD298D9DD8001D9B3E /* Post.swift in Sources */ = {isa = PBXBuildFile; fileRef = 90F6E1BC298D9DD8001D9B3E /* Post.swift */; };
		90F6E1BF299015D3001D9B3E /* New Feed Post.swift in Sources */ = {isa = PBXBuildFile; fileRef = 90F6E1BE299015D3001D9B3E /* New Feed Post.swift */; };
		90F6E1C1299021BE001D9B3E /* ViewPostView.swift in Sources */ = {isa = PBXBuildFile; fileRef = 90F6E1C0299021BE001D9B3E /* ViewPostView.swift */; };
		90F6E1E7299D3F74001D9B3E /* MyViewPostView.swift in Sources */ = {isa = PBXBuildFile; fileRef = 90F6E1E6299D3F74001D9B3E /* MyViewPostView.swift */; };
/* End PBXBuildFile section */

/* Begin PBXFileReference section */
		9027266A297EF063006ACCF0 /* capture-mvp.app */ = {isa = PBXFileReference; explicitFileType = wrapper.application; includeInIndex = 0; path = "capture-mvp.app"; sourceTree = BUILT_PRODUCTS_DIR; };
		9027266D297EF063006ACCF0 /* capture_mvpApp.swift */ = {isa = PBXFileReference; lastKnownFileType = sourcecode.swift; path = capture_mvpApp.swift; sourceTree = "<group>"; };
		90272671297EF065006ACCF0 /* Assets.xcassets */ = {isa = PBXFileReference; lastKnownFileType = folder.assetcatalog; path = Assets.xcassets; sourceTree = "<group>"; };
		90272674297EF065006ACCF0 /* Preview Assets.xcassets */ = {isa = PBXFileReference; lastKnownFileType = folder.assetcatalog; path = "Preview Assets.xcassets"; sourceTree = "<group>"; };
		9027267F297F2F27006ACCF0 /* ProfileView.swift */ = {isa = PBXFileReference; lastKnownFileType = sourcecode.swift; path = ProfileView.swift; sourceTree = "<group>"; };
		90272681297F2F52006ACCF0 /* CameraView.swift */ = {isa = PBXFileReference; lastKnownFileType = sourcecode.swift; path = CameraView.swift; sourceTree = "<group>"; };
		90272685297F415B006ACCF0 /* TabBar.swift */ = {isa = PBXFileReference; lastKnownFileType = sourcecode.swift; path = TabBar.swift; sourceTree = "<group>"; };
		90272687297F416F006ACCF0 /* FeedPost.swift */ = {isa = PBXFileReference; lastKnownFileType = sourcecode.swift; path = FeedPost.swift; sourceTree = "<group>"; };
		90272689297F4430006ACCF0 /* FeedView.swift */ = {isa = PBXFileReference; lastKnownFileType = sourcecode.swift; path = FeedView.swift; sourceTree = "<group>"; };
		9027268B297F4CB8006ACCF0 /* LandingView.swift */ = {isa = PBXFileReference; lastKnownFileType = sourcecode.swift; path = LandingView.swift; sourceTree = "<group>"; };
		9027268D297F4E5F006ACCF0 /* LoginView.swift */ = {isa = PBXFileReference; lastKnownFileType = sourcecode.swift; path = LoginView.swift; sourceTree = "<group>"; };
		9027268F297F4E69006ACCF0 /* CreateView.swift */ = {isa = PBXFileReference; lastKnownFileType = sourcecode.swift; path = CreateView.swift; sourceTree = "<group>"; };
		902E8AE62989C7B40007240B /* RoundedShape.swift */ = {isa = PBXFileReference; lastKnownFileType = sourcecode.swift; path = RoundedShape.swift; sourceTree = "<group>"; };
		902E8AE82989D38A0007240B /* CustomInputField.swift */ = {isa = PBXFileReference; lastKnownFileType = sourcecode.swift; path = CustomInputField.swift; sourceTree = "<group>"; };
		902E8AEA298AB3370007240B /* GoogleService-Info.plist */ = {isa = PBXFileReference; fileEncoding = 4; lastKnownFileType = text.plist.xml; path = "GoogleService-Info.plist"; sourceTree = "<group>"; };
		902E8AF6298AB5A10007240B /* AuthViewModel.swift */ = {isa = PBXFileReference; lastKnownFileType = sourcecode.swift; path = AuthViewModel.swift; sourceTree = "<group>"; };
		908DAE21298C35C300C624DB /* NewProfileView.swift */ = {isa = PBXFileReference; lastKnownFileType = sourcecode.swift; path = NewProfileView.swift; sourceTree = "<group>"; };
		90B9E61D298AF8E300742CA5 /* AuthHeaderView.swift */ = {isa = PBXFileReference; lastKnownFileType = sourcecode.swift; path = AuthHeaderView.swift; sourceTree = "<group>"; };
		90B9E61F298B1A9000742CA5 /* ContentView.swift */ = {isa = PBXFileReference; lastKnownFileType = sourcecode.swift; path = ContentView.swift; sourceTree = "<group>"; };
		90B9E621298B2CDF00742CA5 /* SideMenuView.swift */ = {isa = PBXFileReference; lastKnownFileType = sourcecode.swift; path = SideMenuView.swift; sourceTree = "<group>"; };
		90B9E623298B2CF100742CA5 /* SideMenuRowView.swift */ = {isa = PBXFileReference; lastKnownFileType = sourcecode.swift; path = SideMenuRowView.swift; sourceTree = "<group>"; };
		90B9E625298B2D0100742CA5 /* SideMenuViewModel.swift */ = {isa = PBXFileReference; lastKnownFileType = sourcecode.swift; path = SideMenuViewModel.swift; sourceTree = "<group>"; };
		90F62B8A2988331E009032A1 /* CameraService.swift */ = {isa = PBXFileReference; lastKnownFileType = sourcecode.swift; path = CameraService.swift; sourceTree = "<group>"; };
		90F62B8C29883949009032A1 /* CamView.swift */ = {isa = PBXFileReference; lastKnownFileType = sourcecode.swift; path = CamView.swift; sourceTree = "<group>"; };
		90F62B90298846E8009032A1 /* CustomCamView.swift */ = {isa = PBXFileReference; lastKnownFileType = sourcecode.swift; path = CustomCamView.swift; sourceTree = "<group>"; };
		90F62B9229897992009032A1 /* CreatePostView.swift */ = {isa = PBXFileReference; lastKnownFileType = sourcecode.swift; path = CreatePostView.swift; sourceTree = "<group>"; };
		90F62B94298997BA009032A1 /* ViewRequestView.swift */ = {isa = PBXFileReference; lastKnownFileType = sourcecode.swift; path = ViewRequestView.swift; sourceTree = "<group>"; };
		90F6E1AD298C46B3001D9B3E /* SettingsView.swift */ = {isa = PBXFileReference; lastKnownFileType = sourcecode.swift; path = SettingsView.swift; sourceTree = "<group>"; };
		90F6E1AF298C4E49001D9B3E /* ProfilePicView.swift */ = {isa = PBXFileReference; lastKnownFileType = sourcecode.swift; path = ProfilePicView.swift; sourceTree = "<group>"; };
		90F6E1B1298D8670001D9B3E /* UserService.swift */ = {isa = PBXFileReference; lastKnownFileType = sourcecode.swift; path = UserService.swift; sourceTree = "<group>"; };
		90F6E1B4298D8A38001D9B3E /* User.swift */ = {isa = PBXFileReference; lastKnownFileType = sourcecode.swift; path = User.swift; sourceTree = "<group>"; };
		90F6E1B6298D97E7001D9B3E /* PostService.swift */ = {isa = PBXFileReference; lastKnownFileType = sourcecode.swift; path = PostService.swift; sourceTree = "<group>"; };
		90F6E1B8298D99E7001D9B3E /* UploadPostViewModel.swift */ = {isa = PBXFileReference; lastKnownFileType = sourcecode.swift; path = UploadPostViewModel.swift; sourceTree = "<group>"; };
		90F6E1BA298D9D46001D9B3E /* FeedViewModel.swift */ = {isa = PBXFileReference; lastKnownFileType = sourcecode.swift; path = FeedViewModel.swift; sourceTree = "<group>"; };
		90F6E1BC298D9DD8001D9B3E /* Post.swift */ = {isa = PBXFileReference; lastKnownFileType = sourcecode.swift; path = Post.swift; sourceTree = "<group>"; };
		90F6E1BE299015D3001D9B3E /* New Feed Post.swift */ = {isa = PBXFileReference; lastKnownFileType = sourcecode.swift; path = "New Feed Post.swift"; sourceTree = "<group>"; };
		90F6E1C0299021BE001D9B3E /* ViewPostView.swift */ = {isa = PBXFileReference; lastKnownFileType = sourcecode.swift; path = ViewPostView.swift; sourceTree = "<group>"; };
		90F6E1E6299D3F74001D9B3E /* MyViewPostView.swift */ = {isa = PBXFileReference; lastKnownFileType = sourcecode.swift; path = MyViewPostView.swift; sourceTree = "<group>"; };
/* End PBXFileReference section */

/* Begin PBXFrameworksBuildPhase section */
		90272667297EF063006ACCF0 /* Frameworks */ = {
			isa = PBXFrameworksBuildPhase;
			buildActionMask = 2147483647;
			files = (
				902E8AEE298AB4070007240B /* FirebaseAuth in Frameworks */,
				902E8AF4298AB4070007240B /* FirebaseStorage in Frameworks */,
				902E8AF0298AB4070007240B /* FirebaseFirestore in Frameworks */,
				902E8AF2298AB4070007240B /* FirebaseFirestoreSwift in Frameworks */,
			);
			runOnlyForDeploymentPostprocessing = 0;
		};
/* End PBXFrameworksBuildPhase section */

/* Begin PBXGroup section */
		90272661297EF063006ACCF0 = {
			isa = PBXGroup;
			children = (
				9027266C297EF063006ACCF0 /* capture-mvp */,
				9027266B297EF063006ACCF0 /* Products */,
			);
			sourceTree = "<group>";
		};
		9027266B297EF063006ACCF0 /* Products */ = {
			isa = PBXGroup;
			children = (
				9027266A297EF063006ACCF0 /* capture-mvp.app */,
			);
			name = Products;
			sourceTree = "<group>";
		};
		9027266C297EF063006ACCF0 /* capture-mvp */ = {
			isa = PBXGroup;
			children = (
				90F6E1B3298D8A2E001D9B3E /* Model */,
				902E8AF5298AB58B0007240B /* ViewModels */,
				90F62B89298832F9009032A1 /* Functions-Services */,
				9027267E297F2EF1006ACCF0 /* Views */,
				9027267B297F2E8B006ACCF0 /* Components */,
				9027266D297EF063006ACCF0 /* capture_mvpApp.swift */,
				90B9E61F298B1A9000742CA5 /* ContentView.swift */,
				90272671297EF065006ACCF0 /* Assets.xcassets */,
				902E8AEA298AB3370007240B /* GoogleService-Info.plist */,
				90272673297EF065006ACCF0 /* Preview Content */,
			);
			path = "capture-mvp";
			sourceTree = "<group>";
		};
		90272673297EF065006ACCF0 /* Preview Content */ = {
			isa = PBXGroup;
			children = (
				90272674297EF065006ACCF0 /* Preview Assets.xcassets */,
			);
			path = "Preview Content";
			sourceTree = "<group>";
		};
		9027267B297F2E8B006ACCF0 /* Components */ = {
			isa = PBXGroup;
			children = (
				90272685297F415B006ACCF0 /* TabBar.swift */,
				90272687297F416F006ACCF0 /* FeedPost.swift */,
				90F6E1BE299015D3001D9B3E /* New Feed Post.swift */,
				902E8AE62989C7B40007240B /* RoundedShape.swift */,
				902E8AE82989D38A0007240B /* CustomInputField.swift */,
				90B9E61D298AF8E300742CA5 /* AuthHeaderView.swift */,
			);
			path = Components;
			sourceTree = "<group>";
		};
		9027267C297F2EA3006ACCF0 /* Pre-Auth */ = {
			isa = PBXGroup;
			children = (
				9027268B297F4CB8006ACCF0 /* LandingView.swift */,
				9027268D297F4E5F006ACCF0 /* LoginView.swift */,
				9027268F297F4E69006ACCF0 /* CreateView.swift */,
				90F6E1AF298C4E49001D9B3E /* ProfilePicView.swift */,
			);
			path = "Pre-Auth";
			sourceTree = "<group>";
		};
		9027267D297F2EE8006ACCF0 /* Post-Auth */ = {
			isa = PBXGroup;
			children = (
				9027267F297F2F27006ACCF0 /* ProfileView.swift */,
				908DAE21298C35C300C624DB /* NewProfileView.swift */,
				90272681297F2F52006ACCF0 /* CameraView.swift */,
				90272689297F4430006ACCF0 /* FeedView.swift */,
				90F62B8C29883949009032A1 /* CamView.swift */,
				90F62B90298846E8009032A1 /* CustomCamView.swift */,
				90F62B9229897992009032A1 /* CreatePostView.swift */,
				90F62B94298997BA009032A1 /* ViewRequestView.swift */,
				90B9E621298B2CDF00742CA5 /* SideMenuView.swift */,
				90B9E623298B2CF100742CA5 /* SideMenuRowView.swift */,
				90F6E1AD298C46B3001D9B3E /* SettingsView.swift */,
				90F6E1C0299021BE001D9B3E /* ViewPostView.swift */,
				90F6E1E6299D3F74001D9B3E /* MyViewPostView.swift */,
			);
			path = "Post-Auth";
			sourceTree = "<group>";
		};
		9027267E297F2EF1006ACCF0 /* Views */ = {
			isa = PBXGroup;
			children = (
				9027267D297F2EE8006ACCF0 /* Post-Auth */,
				9027267C297F2EA3006ACCF0 /* Pre-Auth */,
			);
			path = Views;
			sourceTree = "<group>";
		};
		902E8AF5298AB58B0007240B /* ViewModels */ = {
			isa = PBXGroup;
			children = (
				902E8AF6298AB5A10007240B /* AuthViewModel.swift */,
				90B9E625298B2D0100742CA5 /* SideMenuViewModel.swift */,
				90F6E1B8298D99E7001D9B3E /* UploadPostViewModel.swift */,
				90F6E1BA298D9D46001D9B3E /* FeedViewModel.swift */,
			);
			path = ViewModels;
			sourceTree = "<group>";
		};
		90F62B89298832F9009032A1 /* Functions-Services */ = {
			isa = PBXGroup;
			children = (
				90F62B8A2988331E009032A1 /* CameraService.swift */,
				90F6E1B1298D8670001D9B3E /* UserService.swift */,
				90F6E1B6298D97E7001D9B3E /* PostService.swift */,
			);
			path = "Functions-Services";
			sourceTree = "<group>";
		};
		90F6E1B3298D8A2E001D9B3E /* Model */ = {
			isa = PBXGroup;
			children = (
				90F6E1B4298D8A38001D9B3E /* User.swift */,
				90F6E1BC298D9DD8001D9B3E /* Post.swift */,
			);
			path = Model;
			sourceTree = "<group>";
		};
/* End PBXGroup section */

/* Begin PBXNativeTarget section */
		90272669297EF063006ACCF0 /* capture-mvp */ = {
			isa = PBXNativeTarget;
			buildConfigurationList = 90272678297EF065006ACCF0 /* Build configuration list for PBXNativeTarget "capture-mvp" */;
			buildPhases = (
				90272666297EF063006ACCF0 /* Sources */,
				90272667297EF063006ACCF0 /* Frameworks */,
				90272668297EF063006ACCF0 /* Resources */,
			);
			buildRules = (
			);
			dependencies = (
			);
			name = "capture-mvp";
			packageProductDependencies = (
				902E8AED298AB4070007240B /* FirebaseAuth */,
				902E8AEF298AB4070007240B /* FirebaseFirestore */,
				902E8AF1298AB4070007240B /* FirebaseFirestoreSwift */,
				902E8AF3298AB4070007240B /* FirebaseStorage */,
			);
			productName = "capture-mvp";
			productReference = 9027266A297EF063006ACCF0 /* capture-mvp.app */;
			productType = "com.apple.product-type.application";
		};
/* End PBXNativeTarget section */

/* Begin PBXProject section */
		90272662297EF063006ACCF0 /* Project object */ = {
			isa = PBXProject;
			attributes = {
				BuildIndependentTargetsInParallel = 1;
				LastSwiftUpdateCheck = 1420;
				LastUpgradeCheck = 1420;
				TargetAttributes = {
					90272669297EF063006ACCF0 = {
						CreatedOnToolsVersion = 14.2;
					};
				};
			};
			buildConfigurationList = 90272665297EF063006ACCF0 /* Build configuration list for PBXProject "capture-mvp" */;
			compatibilityVersion = "Xcode 14.0";
			developmentRegion = en;
			hasScannedForEncodings = 0;
			knownRegions = (
				en,
				Base,
			);
			mainGroup = 90272661297EF063006ACCF0;
			packageReferences = (
				902E8AEC298AB4070007240B /* XCRemoteSwiftPackageReference "firebase-ios-sdk" */,
			);
			productRefGroup = 9027266B297EF063006ACCF0 /* Products */;
			projectDirPath = "";
			projectRoot = "";
			targets = (
				90272669297EF063006ACCF0 /* capture-mvp */,
			);
		};
/* End PBXProject section */

/* Begin PBXResourcesBuildPhase section */
		90272668297EF063006ACCF0 /* Resources */ = {
			isa = PBXResourcesBuildPhase;
			buildActionMask = 2147483647;
			files = (
				90272675297EF065006ACCF0 /* Preview Assets.xcassets in Resources */,
				902E8AEB298AB3370007240B /* GoogleService-Info.plist in Resources */,
				90272672297EF065006ACCF0 /* Assets.xcassets in Resources */,
			);
			runOnlyForDeploymentPostprocessing = 0;
		};
/* End PBXResourcesBuildPhase section */

/* Begin PBXSourcesBuildPhase section */
		90272666297EF063006ACCF0 /* Sources */ = {
			isa = PBXSourcesBuildPhase;
			buildActionMask = 2147483647;
			files = (
				90F62B9329897992009032A1 /* CreatePostView.swift in Sources */,
				90272690297F4E69006ACCF0 /* CreateView.swift in Sources */,
				90B9E622298B2CDF00742CA5 /* SideMenuView.swift in Sources */,
				9027268C297F4CB8006ACCF0 /* LandingView.swift in Sources */,
				90F62B95298997BA009032A1 /* ViewRequestView.swift in Sources */,
				90F6E1E7299D3F74001D9B3E /* MyViewPostView.swift in Sources */,
				90F6E1B5298D8A38001D9B3E /* User.swift in Sources */,
				9027268A297F4430006ACCF0 /* FeedView.swift in Sources */,
				90F6E1B2298D8670001D9B3E /* UserService.swift in Sources */,
				902E8AF7298AB5A10007240B /* AuthViewModel.swift in Sources */,
				90B9E620298B1A9000742CA5 /* ContentView.swift in Sources */,
				90F62B8D29883949009032A1 /* CamView.swift in Sources */,
				90F6E1AE298C46B3001D9B3E /* SettingsView.swift in Sources */,
				908DAE22298C35C300C624DB /* NewProfileView.swift in Sources */,
				90F6E1C1299021BE001D9B3E /* ViewPostView.swift in Sources */,
				902E8AE72989C7B40007240B /* RoundedShape.swift in Sources */,
				90272680297F2F27006ACCF0 /* ProfileView.swift in Sources */,
				90272688297F416F006ACCF0 /* FeedPost.swift in Sources */,
				9027266E297EF063006ACCF0 /* capture_mvpApp.swift in Sources */,
				90F6E1B9298D99E7001D9B3E /* UploadPostViewModel.swift in Sources */,
				90F6E1BF299015D3001D9B3E /* New Feed Post.swift in Sources */,
				90B9E61E298AF8E300742CA5 /* AuthHeaderView.swift in Sources */,
				90B9E626298B2D0100742CA5 /* SideMenuViewModel.swift in Sources */,
				90F6E1BD298D9DD8001D9B3E /* Post.swift in Sources */,
				90F6E1BB298D9D46001D9B3E /* FeedViewModel.swift in Sources */,
				90272686297F415B006ACCF0 /* TabBar.swift in Sources */,
				90F62B91298846E8009032A1 /* CustomCamView.swift in Sources */,
				90F62B8B2988331E009032A1 /* CameraService.swift in Sources */,
				90B9E624298B2CF100742CA5 /* SideMenuRowView.swift in Sources */,
				90F6E1B7298D97E7001D9B3E /* PostService.swift in Sources */,
				9027268E297F4E5F006ACCF0 /* LoginView.swift in Sources */,
				902E8AE92989D38A0007240B /* CustomInputField.swift in Sources */,
				90F6E1B0298C4E49001D9B3E /* ProfilePicView.swift in Sources */,
				90272682297F2F52006ACCF0 /* CameraView.swift in Sources */,
			);
			runOnlyForDeploymentPostprocessing = 0;
		};
/* End PBXSourcesBuildPhase section */

/* Begin XCBuildConfiguration section */
		90272676297EF065006ACCF0 /* Debug */ = {
			isa = XCBuildConfiguration;
			buildSettings = {
				ALWAYS_SEARCH_USER_PATHS = NO;
				CLANG_ANALYZER_NONNULL = YES;
				CLANG_ANALYZER_NUMBER_OBJECT_CONVERSION = YES_AGGRESSIVE;
				CLANG_CXX_LANGUAGE_STANDARD = "gnu++20";
				CLANG_ENABLE_MODULES = YES;
				CLANG_ENABLE_OBJC_ARC = YES;
				CLANG_ENABLE_OBJC_WEAK = YES;
				CLANG_WARN_BLOCK_CAPTURE_AUTORELEASING = YES;
				CLANG_WARN_BOOL_CONVERSION = YES;
				CLANG_WARN_COMMA = YES;
				CLANG_WARN_CONSTANT_CONVERSION = YES;
				CLANG_WARN_DEPRECATED_OBJC_IMPLEMENTATIONS = YES;
				CLANG_WARN_DIRECT_OBJC_ISA_USAGE = YES_ERROR;
				CLANG_WARN_DOCUMENTATION_COMMENTS = YES;
				CLANG_WARN_EMPTY_BODY = YES;
				CLANG_WARN_ENUM_CONVERSION = YES;
				CLANG_WARN_INFINITE_RECURSION = YES;
				CLANG_WARN_INT_CONVERSION = YES;
				CLANG_WARN_NON_LITERAL_NULL_CONVERSION = YES;
				CLANG_WARN_OBJC_IMPLICIT_RETAIN_SELF = YES;
				CLANG_WARN_OBJC_LITERAL_CONVERSION = YES;
				CLANG_WARN_OBJC_ROOT_CLASS = YES_ERROR;
				CLANG_WARN_QUOTED_INCLUDE_IN_FRAMEWORK_HEADER = YES;
				CLANG_WARN_RANGE_LOOP_ANALYSIS = YES;
				CLANG_WARN_STRICT_PROTOTYPES = YES;
				CLANG_WARN_SUSPICIOUS_MOVE = YES;
				CLANG_WARN_UNGUARDED_AVAILABILITY = YES_AGGRESSIVE;
				CLANG_WARN_UNREACHABLE_CODE = YES;
				CLANG_WARN__DUPLICATE_METHOD_MATCH = YES;
				COPY_PHASE_STRIP = NO;
				DEBUG_INFORMATION_FORMAT = dwarf;
				ENABLE_STRICT_OBJC_MSGSEND = YES;
				ENABLE_TESTABILITY = YES;
				GCC_C_LANGUAGE_STANDARD = gnu11;
				GCC_DYNAMIC_NO_PIC = NO;
				GCC_NO_COMMON_BLOCKS = YES;
				GCC_OPTIMIZATION_LEVEL = 0;
				GCC_PREPROCESSOR_DEFINITIONS = (
					"DEBUG=1",
					"$(inherited)",
				);
				GCC_WARN_64_TO_32_BIT_CONVERSION = YES;
				GCC_WARN_ABOUT_RETURN_TYPE = YES_ERROR;
				GCC_WARN_UNDECLARED_SELECTOR = YES;
				GCC_WARN_UNINITIALIZED_AUTOS = YES_AGGRESSIVE;
				GCC_WARN_UNUSED_FUNCTION = YES;
				GCC_WARN_UNUSED_VARIABLE = YES;
				IPHONEOS_DEPLOYMENT_TARGET = 16.2;
				MTL_ENABLE_DEBUG_INFO = INCLUDE_SOURCE;
				MTL_FAST_MATH = YES;
				ONLY_ACTIVE_ARCH = YES;
				SDKROOT = iphoneos;
				SWIFT_ACTIVE_COMPILATION_CONDITIONS = DEBUG;
				SWIFT_OPTIMIZATION_LEVEL = "-Onone";
			};
			name = Debug;
		};
		90272677297EF065006ACCF0 /* Release */ = {
			isa = XCBuildConfiguration;
			buildSettings = {
				ALWAYS_SEARCH_USER_PATHS = NO;
				CLANG_ANALYZER_NONNULL = YES;
				CLANG_ANALYZER_NUMBER_OBJECT_CONVERSION = YES_AGGRESSIVE;
				CLANG_CXX_LANGUAGE_STANDARD = "gnu++20";
				CLANG_ENABLE_MODULES = YES;
				CLANG_ENABLE_OBJC_ARC = YES;
				CLANG_ENABLE_OBJC_WEAK = YES;
				CLANG_WARN_BLOCK_CAPTURE_AUTORELEASING = YES;
				CLANG_WARN_BOOL_CONVERSION = YES;
				CLANG_WARN_COMMA = YES;
				CLANG_WARN_CONSTANT_CONVERSION = YES;
				CLANG_WARN_DEPRECATED_OBJC_IMPLEMENTATIONS = YES;
				CLANG_WARN_DIRECT_OBJC_ISA_USAGE = YES_ERROR;
				CLANG_WARN_DOCUMENTATION_COMMENTS = YES;
				CLANG_WARN_EMPTY_BODY = YES;
				CLANG_WARN_ENUM_CONVERSION = YES;
				CLANG_WARN_INFINITE_RECURSION = YES;
				CLANG_WARN_INT_CONVERSION = YES;
				CLANG_WARN_NON_LITERAL_NULL_CONVERSION = YES;
				CLANG_WARN_OBJC_IMPLICIT_RETAIN_SELF = YES;
				CLANG_WARN_OBJC_LITERAL_CONVERSION = YES;
				CLANG_WARN_OBJC_ROOT_CLASS = YES_ERROR;
				CLANG_WARN_QUOTED_INCLUDE_IN_FRAMEWORK_HEADER = YES;
				CLANG_WARN_RANGE_LOOP_ANALYSIS = YES;
				CLANG_WARN_STRICT_PROTOTYPES = YES;
				CLANG_WARN_SUSPICIOUS_MOVE = YES;
				CLANG_WARN_UNGUARDED_AVAILABILITY = YES_AGGRESSIVE;
				CLANG_WARN_UNREACHABLE_CODE = YES;
				CLANG_WARN__DUPLICATE_METHOD_MATCH = YES;
				COPY_PHASE_STRIP = NO;
				DEBUG_INFORMATION_FORMAT = "dwarf-with-dsym";
				ENABLE_NS_ASSERTIONS = NO;
				ENABLE_STRICT_OBJC_MSGSEND = YES;
				GCC_C_LANGUAGE_STANDARD = gnu11;
				GCC_NO_COMMON_BLOCKS = YES;
				GCC_WARN_64_TO_32_BIT_CONVERSION = YES;
				GCC_WARN_ABOUT_RETURN_TYPE = YES_ERROR;
				GCC_WARN_UNDECLARED_SELECTOR = YES;
				GCC_WARN_UNINITIALIZED_AUTOS = YES_AGGRESSIVE;
				GCC_WARN_UNUSED_FUNCTION = YES;
				GCC_WARN_UNUSED_VARIABLE = YES;
				IPHONEOS_DEPLOYMENT_TARGET = 16.2;
				MTL_ENABLE_DEBUG_INFO = NO;
				MTL_FAST_MATH = YES;
				SDKROOT = iphoneos;
				SWIFT_COMPILATION_MODE = wholemodule;
				SWIFT_OPTIMIZATION_LEVEL = "-O";
				VALIDATE_PRODUCT = YES;
			};
			name = Release;
		};
		90272679297EF065006ACCF0 /* Debug */ = {
			isa = XCBuildConfiguration;
			buildSettings = {
				ASSETCATALOG_COMPILER_APPICON_NAME = AppIcon;
				ASSETCATALOG_COMPILER_GLOBAL_ACCENT_COLOR_NAME = AccentColor;
				CODE_SIGN_STYLE = Automatic;
				CURRENT_PROJECT_VERSION = 1;
				DEVELOPMENT_ASSET_PATHS = "\"capture-mvp/Preview Content\"";
				DEVELOPMENT_TEAM = LD6MD3U496;
				ENABLE_PREVIEWS = YES;
				GENERATE_INFOPLIST_FILE = YES;
				INFOPLIST_KEY_NSCameraUsageDescription = "Take images";
				INFOPLIST_KEY_UIApplicationSceneManifest_Generation = YES;
				INFOPLIST_KEY_UIApplicationSupportsIndirectInputEvents = YES;
				INFOPLIST_KEY_UILaunchScreen_Generation = YES;
				INFOPLIST_KEY_UISupportedInterfaceOrientations_iPad = "UIInterfaceOrientationPortrait UIInterfaceOrientationPortraitUpsideDown UIInterfaceOrientationLandscapeLeft UIInterfaceOrientationLandscapeRight";
				INFOPLIST_KEY_UISupportedInterfaceOrientations_iPhone = "UIInterfaceOrientationPortrait UIInterfaceOrientationLandscapeLeft UIInterfaceOrientationLandscapeRight";
				LD_RUNPATH_SEARCH_PATHS = (
					"$(inherited)",
					"@executable_path/Frameworks",
				);
				MARKETING_VERSION = 1.0;
				PRODUCT_BUNDLE_IDENTIFIER = "io.avawt.capture-mvp";
				PRODUCT_NAME = "$(TARGET_NAME)";
				SWIFT_EMIT_LOC_STRINGS = YES;
				SWIFT_VERSION = 5.0;
				TARGETED_DEVICE_FAMILY = "1,2";
			};
			name = Debug;
		};
		9027267A297EF065006ACCF0 /* Release */ = {
			isa = XCBuildConfiguration;
			buildSettings = {
				ASSETCATALOG_COMPILER_APPICON_NAME = AppIcon;
				ASSETCATALOG_COMPILER_GLOBAL_ACCENT_COLOR_NAME = AccentColor;
				CODE_SIGN_STYLE = Automatic;
				CURRENT_PROJECT_VERSION = 1;
				DEVELOPMENT_ASSET_PATHS = "\"capture-mvp/Preview Content\"";
				DEVELOPMENT_TEAM = LD6MD3U496;
				ENABLE_PREVIEWS = YES;
				GENERATE_INFOPLIST_FILE = YES;
				INFOPLIST_KEY_NSCameraUsageDescription = "Take images";
				INFOPLIST_KEY_UIApplicationSceneManifest_Generation = YES;
				INFOPLIST_KEY_UIApplicationSupportsIndirectInputEvents = YES;
				INFOPLIST_KEY_UILaunchScreen_Generation = YES;
				INFOPLIST_KEY_UISupportedInterfaceOrientations_iPad = "UIInterfaceOrientationPortrait UIInterfaceOrientationPortraitUpsideDown UIInterfaceOrientationLandscapeLeft UIInterfaceOrientationLandscapeRight";
				INFOPLIST_KEY_UISupportedInterfaceOrientations_iPhone = "UIInterfaceOrientationPortrait UIInterfaceOrientationLandscapeLeft UIInterfaceOrientationLandscapeRight";
				LD_RUNPATH_SEARCH_PATHS = (
					"$(inherited)",
					"@executable_path/Frameworks",
				);
				MARKETING_VERSION = 1.0;
				PRODUCT_BUNDLE_IDENTIFIER = "io.avawt.capture-mvp";
				PRODUCT_NAME = "$(TARGET_NAME)";
				SWIFT_EMIT_LOC_STRINGS = YES;
				SWIFT_VERSION = 5.0;
				TARGETED_DEVICE_FAMILY = "1,2";
			};
			name = Release;
		};
/* End XCBuildConfiguration section */

/* Begin XCConfigurationList section */
		90272665297EF063006ACCF0 /* Build configuration list for PBXProject "capture-mvp" */ = {
			isa = XCConfigurationList;
			buildConfigurations = (
				90272676297EF065006ACCF0 /* Debug */,
				90272677297EF065006ACCF0 /* Release */,
			);
			defaultConfigurationIsVisible = 0;
			defaultConfigurationName = Release;
		};
		90272678297EF065006ACCF0 /* Build configuration list for PBXNativeTarget "capture-mvp" */ = {
			isa = XCConfigurationList;
			buildConfigurations = (
				90272679297EF065006ACCF0 /* Debug */,
				9027267A297EF065006ACCF0 /* Release */,
			);
			defaultConfigurationIsVisible = 0;
			defaultConfigurationName = Release;
		};
/* End XCConfigurationList section */

/* Begin XCRemoteSwiftPackageReference section */
		902E8AEC298AB4070007240B /* XCRemoteSwiftPackageReference "firebase-ios-sdk" */ = {
			isa = XCRemoteSwiftPackageReference;
			repositoryURL = "https://github.com/firebase/firebase-ios-sdk.git";
			requirement = {
				branch = master;
				kind = branch;
			};
		};
/* End XCRemoteSwiftPackageReference section */

/* Begin XCSwiftPackageProductDependency section */
		902E8AED298AB4070007240B /* FirebaseAuth */ = {
			isa = XCSwiftPackageProductDependency;
			package = 902E8AEC298AB4070007240B /* XCRemoteSwiftPackageReference "firebase-ios-sdk" */;
			productName = FirebaseAuth;
		};
		902E8AEF298AB4070007240B /* FirebaseFirestore */ = {
			isa = XCSwiftPackageProductDependency;
			package = 902E8AEC298AB4070007240B /* XCRemoteSwiftPackageReference "firebase-ios-sdk" */;
			productName = FirebaseFirestore;
		};
		902E8AF1298AB4070007240B /* FirebaseFirestoreSwift */ = {
			isa = XCSwiftPackageProductDependency;
			package = 902E8AEC298AB4070007240B /* XCRemoteSwiftPackageReference "firebase-ios-sdk" */;
			productName = FirebaseFirestoreSwift;
		};
		902E8AF3298AB4070007240B /* FirebaseStorage */ = {
			isa = XCSwiftPackageProductDependency;
			package = 902E8AEC298AB4070007240B /* XCRemoteSwiftPackageReference "firebase-ios-sdk" */;
			productName = FirebaseStorage;
		};
/* End XCSwiftPackageProductDependency section */
	};
	rootObject = 90272662297EF063006ACCF0 /* Project object */;
}
